<Solution>
  <Project Path="BankRUs.Application/BankRUs.Application.csproj" Id="f276a7f9-0da6-4c49-84d6-73f6cbffd2be" />
  <Project Path="BankRUs.Domain/BankRUs.Domain.csproj" Id="fbfd579b-7054-4c3b-97bf-e407b951ef54" />
  <Project Path="BankRUs.Infrastructure/BankRUs.Infrastructure.csproj" Id="9c62c495-f4ed-48f1-9309-88bbee5b6489" />
  <Project Path="BankRUs.Tests/BankRUs.Tests.csproj" Id="ccd61eee-d2eb-474c-87a5-8d72ec093639" />
  <Project Path="BankRUs.WebApi/BankRUs.WebApi.csproj" />
</Solution>
